// !$*UTF8*$!
{
	archiveVersion = 1;
	classes = {
	};
	objectVersion = 46;
	objects = {

/* Begin PBXBuildFile section */
		9B50EA2B1A9710830071791D /* main.m in Sources */ = {isa = PBXBuildFile; fileRef = 9B50EA2A1A9710830071791D /* main.m */; };
		9B50EA2E1A9710830071791D /* AppDelegate.m in Sources */ = {isa = PBXBuildFile; fileRef = 9B50EA2D1A9710830071791D /* AppDelegate.m */; };
		9B50EA311A9710830071791D /* ViewController.m in Sources */ = {isa = PBXBuildFile; fileRef = 9B50EA301A9710830071791D /* ViewController.m */; };
		9B50EA341A9710830071791D /* Main.storyboard in Resources */ = {isa = PBXBuildFile; fileRef = 9B50EA321A9710830071791D /* Main.storyboard */; };
		9B50EA361A9710830071791D /* Images.xcassets in Resources */ = {isa = PBXBuildFile; fileRef = 9B50EA351A9710830071791D /* Images.xcassets */; };
		9B50EA391A9710830071791D /* LaunchScreen.xib in Resources */ = {isa = PBXBuildFile; fileRef = 9B50EA371A9710830071791D /* LaunchScreen.xib */; };
		9B50EA451A9710830071791D /* TwitterLikeSampleTests.m in Sources */ = {isa = PBXBuildFile; fileRef = 9B50EA441A9710830071791D /* TwitterLikeSampleTests.m */; };
/* End PBXBuildFile section */

/* Begin PBXContainerItemProxy section */
		9B50EA3F1A9710830071791D /* PBXContainerItemProxy */ = {
			isa = PBXContainerItemProxy;
			containerPortal = 9B50EA1D1A9710820071791D /* Project object */;
			proxyType = 1;
			remoteGlobalIDString = 9B50EA241A9710820071791D;
			remoteInfo = TwitterLikeSample;
		};
/* End PBXContainerItemProxy section */

/* Begin PBXFileReference section */
		9B50EA251A9710830071791D /* TwitterLikeSample.app */ = {isa = PBXFileReference; explicitFileType = wrapper.application; includeInIndex = 0; path = TwitterLikeSample.app; sourceTree = BUILT_PRODUCTS_DIR; };
		9B50EA291A9710830071791D /* Info.plist */ = {isa = PBXFileReference; lastKnownFileType = text.plist.xml; path = Info.plist; sourceTree = "<group>"; };
		9B50EA2A1A9710830071791D /* main.m */ = {isa = PBXFileReference; lastKnownFileType = sourcecode.c.objc; path = main.m; sourceTree = "<group>"; };
		9B50EA2C1A9710830071791D /* AppDelegate.h */ = {isa = PBXFileReference; lastKnownFileType = sourcecode.c.h; path = AppDelegate.h; sourceTree = "<group>"; };
		9B50EA2D1A9710830071791D /* AppDelegate.m */ = {isa = PBXFileReference; lastKnownFileType = sourcecode.c.objc; path = AppDelegate.m; sourceTree = "<group>"; };
		9B50EA2F1A9710830071791D /* ViewController.h */ = {isa = PBXFileReference; lastKnownFileType = sourcecode.c.h; path = ViewController.h; sourceTree = "<group>"; };
		9B50EA301A9710830071791D /* ViewController.m */ = {isa = PBXFileReference; lastKnownFileType = sourcecode.c.objc; path = ViewController.m; sourceTree = "<group>"; };
		9B50EA331A9710830071791D /* Base */ = {isa = PBXFileReference; lastKnownFileType = file.storyboard; name = Base; path = Base.lproj/Main.storyboard; sourceTree = "<group>"; };
		9B50EA351A9710830071791D /* Images.xcassets */ = {isa = PBXFileReference; lastKnownFileType = folder.assetcatalog; path = Images.xcassets; sourceTree = "<group>"; };
		9B50EA381A9710830071791D /* Base */ = {isa = PBXFileReference; lastKnownFileType = file.xib; name = Base; path = Base.lproj/LaunchScreen.xib; sourceTree = "<group>"; };
		9B50EA3E1A9710830071791D /* TwitterLikeSampleTests.xctest */ = {isa = PBXFileReference; explicitFileType = wrapper.cfbundle; includeInIndex = 0; path = TwitterLikeSampleTests.xctest; sourceTree = BUILT_PRODUCTS_DIR; };
		9B50EA431A9710830071791D /* Info.plist */ = {isa = PBXFileReference; lastKnownFileType = text.plist.xml; path = Info.plist; sourceTree = "<group>"; };
		9B50EA441A9710830071791D /* TwitterLikeSampleTests.m */ = {isa = PBXFileReference; lastKnownFileType = sourcecode.c.objc; path = TwitterLikeSampleTests.m; sourceTree = "<group>"; };
/* End PBXFileReference section */

/* Begin PBXFrameworksBuildPhase section */
		9B50EA221A9710820071791D /* Frameworks */ = {
			isa = PBXFrameworksBuildPhase;
			buildActionMask = 2147483647;
			files = (
			);
			runOnlyForDeploymentPostprocessing = 0;
		};
		9B50EA3B1A9710830071791D /* Frameworks */ = {
			isa = PBXFrameworksBuildPhase;
			buildActionMask = 2147483647;
			files = (
			);
			runOnlyForDeploymentPostprocessing = 0;
		};
/* End PBXFrameworksBuildPhase section */

/* Begin PBXGroup section */
		9B50EA1C1A9710820071791D = {
			isa = PBXGroup;
			children = (
				9B50EA271A9710830071791D /* TwitterLikeSample */,
				9B50EA411A9710830071791D /* TwitterLikeSampleTests */,
				9B50EA261A9710830071791D /* Products */,
			);
			sourceTree = "<group>";
		};
		9B50EA261A9710830071791D /* Products */ = {
			isa = PBXGroup;
			children = (
				9B50EA251A9710830071791D /* TwitterLikeSample.app */,
				9B50EA3E1A9710830071791D /* TwitterLikeSampleTests.xctest */,
			);
			name = Products;
			sourceTree = "<group>";
		};
		9B50EA271A9710830071791D /* TwitterLikeSample */ = {
			isa = PBXGroup;
			children = (
				9B50EA2C1A9710830071791D /* AppDelegate.h */,
				9B50EA2D1A9710830071791D /* AppDelegate.m */,
				9B50EA2F1A9710830071791D /* ViewController.h */,
				9B50EA301A9710830071791D /* ViewController.m */,
				9B50EA321A9710830071791D /* Main.storyboard */,
				9B50EA351A9710830071791D /* Images.xcassets */,
				9B50EA371A9710830071791D /* LaunchScreen.xib */,
				9B50EA281A9710830071791D /* Supporting Files */,
			);
			path = TwitterLikeSample;
			sourceTree = "<group>";
		};
		9B50EA281A9710830071791D /* Supporting Files */ = {
			isa = PBXGroup;
			children = (
				9B50EA291A9710830071791D /* Info.plist */,
				9B50EA2A1A9710830071791D /* main.m */,
			);
			name = "Supporting Files";
			sourceTree = "<group>";
		};
		9B50EA411A9710830071791D /* TwitterLikeSampleTests */ = {
			isa = PBXGroup;
			children = (
				9B50EA441A9710830071791D /* TwitterLikeSampleTests.m */,
				9B50EA421A9710830071791D /* Supporting Files */,
			);
			path = TwitterLikeSampleTests;
			sourceTree = "<group>";
		};
		9B50EA421A9710830071791D /* Supporting Files */ = {
			isa = PBXGroup;
			children = (
				9B50EA431A9710830071791D /* Info.plist */,
			);
			name = "Supporting Files";
			sourceTree = "<group>";
		};
/* End PBXGroup section */

/* Begin PBXNativeTarget section */
		9B50EA241A9710820071791D /* TwitterLikeSample */ = {
			isa = PBXNativeTarget;
			buildConfigurationList = 9B50EA481A9710830071791D /* Build configuration list for PBXNativeTarget "TwitterLikeSample" */;
			buildPhases = (
				9B50EA211A9710820071791D /* Sources */,
				9B50EA221A9710820071791D /* Frameworks */,
				9B50EA231A9710820071791D /* Resources */,
			);
			buildRules = (
			);
			dependencies = (
			);
			name = TwitterLikeSample;
			productName = TwitterLikeSample;
			productReference = 9B50EA251A9710830071791D /* TwitterLikeSample.app */;
			productType = "com.apple.product-type.application";
		};
		9B50EA3D1A9710830071791D /* TwitterLikeSampleTests */ = {
			isa = PBXNativeTarget;
			buildConfigurationList = 9B50EA4B1A9710830071791D /* Build configuration list for PBXNativeTarget "TwitterLikeSampleTests" */;
			buildPhases = (
				9B50EA3A1A9710830071791D /* Sources */,
				9B50EA3B1A9710830071791D /* Frameworks */,
				9B50EA3C1A9710830071791D /* Resources */,
			);
			buildRules = (
			);
			dependencies = (
				9B50EA401A9710830071791D /* PBXTargetDependency */,
			);
			name = TwitterLikeSampleTests;
			productName = TwitterLikeSampleTests;
			productReference = 9B50EA3E1A9710830071791D /* TwitterLikeSampleTests.xctest */;
			productType = "com.apple.product-type.bundle.unit-test";
		};
/* End PBXNativeTarget section */

/* Begin PBXProject section */
		9B50EA1D1A9710820071791D /* Project object */ = {
			isa = PBXProject;
			attributes = {
				LastUpgradeCheck = 0610;
				ORGANIZATIONNAME = hiedar68;
				TargetAttributes = {
					9B50EA241A9710820071791D = {
						CreatedOnToolsVersion = 6.1.1;
					};
					9B50EA3D1A9710830071791D = {
						CreatedOnToolsVersion = 6.1.1;
						TestTargetID = 9B50EA241A9710820071791D;
					};
				};
			};
			buildConfigurationList = 9B50EA201A9710820071791D /* Build configuration list for PBXProject "TwitterLikeSample" */;
			compatibilityVersion = "Xcode 3.2";
			developmentRegion = English;
			hasScannedForEncodings = 0;
			knownRegions = (
				en,
				Base,
			);
			mainGroup = 9B50EA1C1A9710820071791D;
			productRefGroup = 9B50EA261A9710830071791D /* Products */;
			projectDirPath = "";
			projectRoot = "";
			targets = (
				9B50EA241A9710820071791D /* TwitterLikeSample */,
				9B50EA3D1A9710830071791D /* TwitterLikeSampleTests */,
			);
		};
/* End PBXProject section */

/* Begin PBXResourcesBuildPhase section */
		9B50EA231A9710820071791D /* Resources */ = {
			isa = PBXResourcesBuildPhase;
			buildActionMask = 2147483647;
			files = (
				9B50EA341A9710830071791D /* Main.storyboard in Resources */,
				9B50EA391A9710830071791D /* LaunchScreen.xib in Resources */,
				9B50EA361A9710830071791D /* Images.xcassets in Resources */,
			);
			runOnlyForDeploymentPostprocessing = 0;
		};
		9B50EA3C1A9710830071791D /* Resources */ = {
			isa = PBXResourcesBuildPhase;
			buildActionMask = 2147483647;
			files = (
			);
			runOnlyForDeploymentPostprocessing = 0;
		};
/* End PBXResourcesBuildPhase section */

/* Begin PBXSourcesBuildPhase section */
		9B50EA211A9710820071791D /* Sources */ = {
			isa = PBXSourcesBuildPhase;
			buildActionMask = 2147483647;
			files = (
				9B50EA311A9710830071791D /* ViewController.m in Sources */,
				9B50EA2E1A9710830071791D /* AppDelegate.m in Sources */,
				9B50EA2B1A9710830071791D /* main.m in Sources */,
			);
			runOnlyForDeploymentPostprocessing = 0;
		};
		9B50EA3A1A9710830071791D /* Sources */ = {
			isa = PBXSourcesBuildPhase;
			buildActionMask = 2147483647;
			files = (
				9B50EA451A9710830071791D /* TwitterLikeSampleTests.m in Sources */,
			);
			runOnlyForDeploymentPostprocessing = 0;
		};
/* End PBXSourcesBuildPhase section */

/* Begin PBXTargetDependency section */
		9B50EA401A9710830071791D /* PBXTargetDependency */ = {
			isa = PBXTargetDependency;
			target = 9B50EA241A9710820071791D /* TwitterLikeSample */;
			targetProxy = 9B50EA3F1A9710830071791D /* PBXContainerItemProxy */;
		};
/* End PBXTargetDependency section */

/* Begin PBXVariantGroup section */
		9B50EA321A9710830071791D /* Main.storyboard */ = {
			isa = PBXVariantGroup;
			children = (
				9B50EA331A9710830071791D /* Base */,
			);
			name = Main.storyboard;
			sourceTree = "<group>";
		};
		9B50EA371A9710830071791D /* LaunchScreen.xib */ = {
			isa = PBXVariantGroup;
			children = (
				9B50EA381A9710830071791D /* Base */,
			);
			name = LaunchScreen.xib;
			sourceTree = "<group>";
		};
/* End PBXVariantGroup section */

/* Begin XCBuildConfiguration section */
		9B50EA461A9710830071791D /* Debug */ = {
			isa = XCBuildConfiguration;
			buildSettings = {
				ALWAYS_SEARCH_USER_PATHS = NO;
				CLANG_CXX_LANGUAGE_STANDARD = "gnu++0x";
				CLANG_CXX_LIBRARY = "libc++";
				CLANG_ENABLE_MODULES = YES;
				CLANG_ENABLE_OBJC_ARC = YES;
				CLANG_WARN_BOOL_CONVERSION = YES;
				CLANG_WARN_CONSTANT_CONVERSION = YES;
				CLANG_WARN_DIRECT_OBJC_ISA_USAGE = YES_ERROR;
				CLANG_WARN_EMPTY_BODY = YES;
				CLANG_WARN_ENUM_CONVERSION = YES;
				CLANG_WARN_INT_CONVERSION = YES;
				CLANG_WARN_OBJC_ROOT_CLASS = YES_ERROR;
				CLANG_WARN_UNREACHABLE_CODE = YES;
				CLANG_WARN__DUPLICATE_METHOD_MATCH = YES;
				"CODE_SIGN_IDENTITY[sdk=iphoneos*]" = "iPhone Developer";
				COPY_PHASE_STRIP = NO;
				ENABLE_STRICT_OBJC_MSGSEND = YES;
				GCC_C_LANGUAGE_STANDARD = gnu99;
				GCC_DYNAMIC_NO_PIC = NO;
				GCC_OPTIMIZATION_LEVEL = 0;
				GCC_PREPROCESSOR_DEFINITIONS = (
					"DEBUG=1",
					"$(inherited)",
				);
				GCC_SYMBOLS_PRIVATE_EXTERN = NO;
				GCC_WARN_64_TO_32_BIT_CONVERSION = YES;
				GCC_WARN_ABOUT_RETURN_TYPE = YES_ERROR;
				GCC_WARN_UNDECLARED_SELECTOR = YES;
				GCC_WARN_UNINITIALIZED_AUTOS = YES_AGGRESSIVE;
				GCC_WARN_UNUSED_FUNCTION = YES;
				GCC_WARN_UNUSED_VARIABLE = YES;
				IPHONEOS_DEPLOYMENT_TARGET = 8.1;
				MTL_ENABLE_DEBUG_INFO = YES;
				ONLY_ACTIVE_ARCH = YES;
				SDKROOT = iphoneos;
			};
			name = Debug;
		};
		9B50EA471A9710830071791D /* Release */ = {
			isa = XCBuildConfiguration;
			buildSettings = {
				ALWAYS_SEARCH_USER_PATHS = NO;
				CLANG_CXX_LANGUAGE_STANDARD = "gnu++0x";
				CLANG_CXX_LIBRARY = "libc++";
				CLANG_ENABLE_MODULES = YES;
				CLANG_ENABLE_OBJC_ARC = YES;
				CLANG_WARN_BOOL_CONVERSION = YES;
				CLANG_WARN_CONSTANT_CONVERSION = YES;
				CLANG_WARN_DIRECT_OBJC_ISA_USAGE = YES_ERROR;
				CLANG_WARN_EMPTY_BODY = YES;
				CLANG_WARN_ENUM_CONVERSION = YES;
				CLANG_WARN_INT_CONVERSION = YES;
				CLANG_WARN_OBJC_ROOT_CLASS = YES_ERROR;
				CLANG_WARN_UNREACHABLE_CODE = YES;
				CLANG_WARN__DUPLICATE_METHOD_MATCH = YES;
				"CODE_SIGN_IDENTITY[sdk=iphoneos*]" = "iPhone Developer";
				COPY_PHASE_STRIP = YES;
				ENABLE_NS_ASSERTIONS = NO;
				ENABLE_STRICT_OBJC_MSGSEND = YES;
				GCC_C_LANGUAGE_STANDARD = gnu99;
				GCC_WARN_64_TO_32_BIT_CONVERSION = YES;
				GCC_WARN_ABOUT_RETURN_TYPE = YES_ERROR;
				GCC_WARN_UNDECLARED_SELECTOR = YES;
				GCC_WARN_UNINITIALIZED_AUTOS = YES_AGGRESSIVE;
				GCC_WARN_UNUSED_FUNCTION = YES;
				GCC_WARN_UNUSED_VARIABLE = YES;
				IPHONEOS_DEPLOYMENT_TARGET = 8.1;
				MTL_ENABLE_DEBUG_INFO = NO;
				SDKROOT = iphoneos;
				VALIDATE_PRODUCT = YES;
			};
			name = Release;
		};
		9B50EA491A9710830071791D /* Debug */ = {
			isa = XCBuildConfiguration;
			buildSettings = {
				ASSETCATALOG_COMPILER_APPICON_NAME = AppIcon;
				INFOPLIST_FILE = TwitterLikeSample/Info.plist;
				LD_RUNPATH_SEARCH_PATHS = "$(inherited) @executable_path/Frameworks";
				PRODUCT_NAME = "$(TARGET_NAME)";
			};
			name = Debug;
		};
		9B50EA4A1A9710830071791D /* Release */ = {
			isa = XCBuildConfiguration;
			buildSettings = {
				ASSETCATALOG_COMPILER_APPICON_NAME = AppIcon;
				INFOPLIST_FILE = TwitterLikeSample/Info.plist;
				LD_RUNPATH_SEARCH_PATHS = "$(inherited) @executable_path/Frameworks";
				PRODUCT_NAME = "$(TARGET_NAME)";
			};
			name = Release;
		};
		9B50EA4C1A9710830071791D /* Debug */ = {
			isa = XCBuildConfiguration;
			buildSettings = {
				BUNDLE_LOADER = "$(TEST_HOST)";
				FRAMEWORK_SEARCH_PATHS = (
					"$(SDKROOT)/Developer/Library/Frameworks",
					"$(inherited)",
				);
				GCC_PREPROCESSOR_DEFINITIONS = (
					"DEBUG=1",
					"$(inherited)",
				);
				INFOPLIST_FILE = TwitterLikeSampleTests/Info.plist;
				LD_RUNPATH_SEARCH_PATHS = "$(inherited) @executable_path/Frameworks @loader_path/Frameworks";
				PRODUCT_NAME = "$(TARGET_NAME)";
				TEST_HOST = "$(BUILT_PRODUCTS_DIR)/TwitterLikeSample.app/TwitterLikeSample";
			};
			name = Debug;
		};
		9B50EA4D1A9710830071791D /* Release */ = {
			isa = XCBuildConfiguration;
			buildSettings = {
				BUNDLE_LOADER = "$(TEST_HOST)";
				FRAMEWORK_SEARCH_PATHS = (
					"$(SDKROOT)/Developer/Library/Frameworks",
					"$(inherited)",
				);
				INFOPLIST_FILE = TwitterLikeSampleTests/Info.plist;
				LD_RUNPATH_SEARCH_PATHS = "$(inherited) @executable_path/Frameworks @loader_path/Frameworks";
				PRODUCT_NAME = "$(TARGET_NAME)";
				TEST_HOST = "$(BUILT_PRODUCTS_DIR)/TwitterLikeSample.app/TwitterLikeSample";
			};
			name = Release;
		};
/* End XCBuildConfiguration section */

/* Begin XCConfigurationList section */
		9B50EA201A9710820071791D /* Build configuration list for PBXProject "TwitterLikeSample" */ = {
			isa = XCConfigurationList;
			buildConfigurations = (
				9B50EA461A9710830071791D /* Debug */,
				9B50EA471A9710830071791D /* Release */,
			);
			defaultConfigurationIsVisible = 0;
			defaultConfigurationName = Release;
		};
		9B50EA481A9710830071791D /* Build configuration list for PBXNativeTarget "TwitterLikeSample" */ = {
			isa = XCConfigurationList;
			buildConfigurations = (
				9B50EA491A9710830071791D /* Debug */,
				9B50EA4A1A9710830071791D /* Release */,
			);
			defaultConfigurationIsVisible = 0;
		};
		9B50EA4B1A9710830071791D /* Build configuration list for PBXNativeTarget "TwitterLikeSampleTests" */ = {
			isa = XCConfigurationList;
			buildConfigurations = (
				9B50EA4C1A9710830071791D /* Debug */,
				9B50EA4D1A9710830071791D /* Release */,
			);
			defaultConfigurationIsVisible = 0;
		};
/* End XCConfigurationList section */
	};
	rootObject = 9B50EA1D1A9710820071791D /* Project object */;
}
